// !$*UTF8*$!
{
	archiveVersion = 1;
	classes = {
	};
	objectVersion = 56;
	objects = {

/* Begin PBXBuildFile section */
		7D3D56012A9FB02800FB229E /* AppDelegate.swift in Sources */ = {isa = PBXBuildFile; fileRef = 7D3D56002A9FB02800FB229E /* AppDelegate.swift */; };
		7D3D56032A9FB02800FB229E /* SceneDelegate.swift in Sources */ = {isa = PBXBuildFile; fileRef = 7D3D56022A9FB02800FB229E /* SceneDelegate.swift */; };
		7D3D56052A9FB02800FB229E /* ViewController.swift in Sources */ = {isa = PBXBuildFile; fileRef = 7D3D56042A9FB02800FB229E /* ViewController.swift */; };
		7D3D56082A9FB02800FB229E /* Main.storyboard in Resources */ = {isa = PBXBuildFile; fileRef = 7D3D56062A9FB02800FB229E /* Main.storyboard */; };
		7D3D560A2A9FB02B00FB229E /* Assets.xcassets in Resources */ = {isa = PBXBuildFile; fileRef = 7D3D56092A9FB02B00FB229E /* Assets.xcassets */; };
		7D3D560D2A9FB02B00FB229E /* LaunchScreen.storyboard in Resources */ = {isa = PBXBuildFile; fileRef = 7D3D560B2A9FB02B00FB229E /* LaunchScreen.storyboard */; };
		7D3D56182A9FB02B00FB229E /* WeatherTests.swift in Sources */ = {isa = PBXBuildFile; fileRef = 7D3D56172A9FB02B00FB229E /* WeatherTests.swift */; };
		7D3D56222A9FB02B00FB229E /* WeatherUITests.swift in Sources */ = {isa = PBXBuildFile; fileRef = 7D3D56212A9FB02B00FB229E /* WeatherUITests.swift */; };
		7D3D56242A9FB02B00FB229E /* WeatherUITestsLaunchTests.swift in Sources */ = {isa = PBXBuildFile; fileRef = 7D3D56232A9FB02B00FB229E /* WeatherUITestsLaunchTests.swift */; };
		7D7B92E72AA1141600EC9084 /* MainViewController.swift in Sources */ = {isa = PBXBuildFile; fileRef = 7D7B92E62AA1141600EC9084 /* MainViewController.swift */; };
		7D7B92E92AA3A05600EC9084 /* WeatherManager.swift in Sources */ = {isa = PBXBuildFile; fileRef = 7D7B92E82AA3A05600EC9084 /* WeatherManager.swift */; };
		7D7B92EB2AA8F13900EC9084 /* WeatherData.swift in Sources */ = {isa = PBXBuildFile; fileRef = 7D7B92EA2AA8F13900EC9084 /* WeatherData.swift */; };
		7D7B92EF2AB8BCD400EC9084 /* WeatherModel.swift in Sources */ = {isa = PBXBuildFile; fileRef = 7D7B92EE2AB8BCD400EC9084 /* WeatherModel.swift */; };
/* End PBXBuildFile section */

/* Begin PBXContainerItemProxy section */
		7D3D56142A9FB02B00FB229E /* PBXContainerItemProxy */ = {
			isa = PBXContainerItemProxy;
			containerPortal = 7D3D55F52A9FB02800FB229E /* Project object */;
			proxyType = 1;
			remoteGlobalIDString = 7D3D55FC2A9FB02800FB229E;
			remoteInfo = Weather;
		};
		7D3D561E2A9FB02B00FB229E /* PBXContainerItemProxy */ = {
			isa = PBXContainerItemProxy;
			containerPortal = 7D3D55F52A9FB02800FB229E /* Project object */;
			proxyType = 1;
			remoteGlobalIDString = 7D3D55FC2A9FB02800FB229E;
			remoteInfo = Weather;
		};
/* End PBXContainerItemProxy section */

/* Begin PBXFileReference section */
		7D3D55FD2A9FB02800FB229E /* Weather.app */ = {isa = PBXFileReference; explicitFileType = wrapper.application; includeInIndex = 0; path = Weather.app; sourceTree = BUILT_PRODUCTS_DIR; };
		7D3D56002A9FB02800FB229E /* AppDelegate.swift */ = {isa = PBXFileReference; lastKnownFileType = sourcecode.swift; path = AppDelegate.swift; sourceTree = "<group>"; };
		7D3D56022A9FB02800FB229E /* SceneDelegate.swift */ = {isa = PBXFileReference; lastKnownFileType = sourcecode.swift; path = SceneDelegate.swift; sourceTree = "<group>"; };
		7D3D56042A9FB02800FB229E /* ViewController.swift */ = {isa = PBXFileReference; lastKnownFileType = sourcecode.swift; path = ViewController.swift; sourceTree = "<group>"; };
		7D3D56072A9FB02800FB229E /* Base */ = {isa = PBXFileReference; lastKnownFileType = file.storyboard; name = Base; path = Base.lproj/Main.storyboard; sourceTree = "<group>"; };
		7D3D56092A9FB02B00FB229E /* Assets.xcassets */ = {isa = PBXFileReference; lastKnownFileType = folder.assetcatalog; path = Assets.xcassets; sourceTree = "<group>"; };
		7D3D560C2A9FB02B00FB229E /* Base */ = {isa = PBXFileReference; lastKnownFileType = file.storyboard; name = Base; path = Base.lproj/LaunchScreen.storyboard; sourceTree = "<group>"; };
		7D3D560E2A9FB02B00FB229E /* Info.plist */ = {isa = PBXFileReference; lastKnownFileType = text.plist.xml; path = Info.plist; sourceTree = "<group>"; };
		7D3D56132A9FB02B00FB229E /* WeatherTests.xctest */ = {isa = PBXFileReference; explicitFileType = wrapper.cfbundle; includeInIndex = 0; path = WeatherTests.xctest; sourceTree = BUILT_PRODUCTS_DIR; };
		7D3D56172A9FB02B00FB229E /* WeatherTests.swift */ = {isa = PBXFileReference; lastKnownFileType = sourcecode.swift; path = WeatherTests.swift; sourceTree = "<group>"; };
		7D3D561D2A9FB02B00FB229E /* WeatherUITests.xctest */ = {isa = PBXFileReference; explicitFileType = wrapper.cfbundle; includeInIndex = 0; path = WeatherUITests.xctest; sourceTree = BUILT_PRODUCTS_DIR; };
		7D3D56212A9FB02B00FB229E /* WeatherUITests.swift */ = {isa = PBXFileReference; lastKnownFileType = sourcecode.swift; path = WeatherUITests.swift; sourceTree = "<group>"; };
		7D3D56232A9FB02B00FB229E /* WeatherUITestsLaunchTests.swift */ = {isa = PBXFileReference; lastKnownFileType = sourcecode.swift; path = WeatherUITestsLaunchTests.swift; sourceTree = "<group>"; };
		7D7B92E62AA1141600EC9084 /* MainViewController.swift */ = {isa = PBXFileReference; lastKnownFileType = sourcecode.swift; path = MainViewController.swift; sourceTree = "<group>"; };
		7D7B92E82AA3A05600EC9084 /* WeatherManager.swift */ = {isa = PBXFileReference; lastKnownFileType = sourcecode.swift; path = WeatherManager.swift; sourceTree = "<group>"; };
		7D7B92EA2AA8F13900EC9084 /* WeatherData.swift */ = {isa = PBXFileReference; lastKnownFileType = sourcecode.swift; path = WeatherData.swift; sourceTree = "<group>"; };
		7D7B92EE2AB8BCD400EC9084 /* WeatherModel.swift */ = {isa = PBXFileReference; lastKnownFileType = sourcecode.swift; path = WeatherModel.swift; sourceTree = "<group>"; };
/* End PBXFileReference section */

/* Begin PBXFrameworksBuildPhase section */
		7D3D55FA2A9FB02800FB229E /* Frameworks */ = {
			isa = PBXFrameworksBuildPhase;
			buildActionMask = 2147483647;
			files = (
			);
			runOnlyForDeploymentPostprocessing = 0;
		};
		7D3D56102A9FB02B00FB229E /* Frameworks */ = {
			isa = PBXFrameworksBuildPhase;
			buildActionMask = 2147483647;
			files = (
			);
			runOnlyForDeploymentPostprocessing = 0;
		};
		7D3D561A2A9FB02B00FB229E /* Frameworks */ = {
			isa = PBXFrameworksBuildPhase;
			buildActionMask = 2147483647;
			files = (
			);
			runOnlyForDeploymentPostprocessing = 0;
		};
/* End PBXFrameworksBuildPhase section */

/* Begin PBXGroup section */
		7D3D55F42A9FB02800FB229E = {
			isa = PBXGroup;
			children = (
				7D3D55FF2A9FB02800FB229E /* Weather */,
				7D3D56162A9FB02B00FB229E /* WeatherTests */,
				7D3D56202A9FB02B00FB229E /* WeatherUITests */,
				7D3D55FE2A9FB02800FB229E /* Products */,
			);
			sourceTree = "<group>";
		};
		7D3D55FE2A9FB02800FB229E /* Products */ = {
			isa = PBXGroup;
			children = (
				7D3D55FD2A9FB02800FB229E /* Weather.app */,
				7D3D56132A9FB02B00FB229E /* WeatherTests.xctest */,
				7D3D561D2A9FB02B00FB229E /* WeatherUITests.xctest */,
			);
			name = Products;
			sourceTree = "<group>";
		};
		7D3D55FF2A9FB02800FB229E /* Weather */ = {
			isa = PBXGroup;
			children = (
				7D3D56302AA110BF00FB229E /* Model */,
				7D3D56312AA110D700FB229E /* View */,
				7D3D56322AA110E100FB229E /* Controller */,
				7D3D56002A9FB02800FB229E /* AppDelegate.swift */,
				7D3D56022A9FB02800FB229E /* SceneDelegate.swift */,
				7D3D56092A9FB02B00FB229E /* Assets.xcassets */,
				7D3D560B2A9FB02B00FB229E /* LaunchScreen.storyboard */,
				7D3D560E2A9FB02B00FB229E /* Info.plist */,
			);
			path = Weather;
			sourceTree = "<group>";
		};
		7D3D56162A9FB02B00FB229E /* WeatherTests */ = {
			isa = PBXGroup;
			children = (
				7D3D56172A9FB02B00FB229E /* WeatherTests.swift */,
			);
			path = WeatherTests;
			sourceTree = "<group>";
		};
		7D3D56202A9FB02B00FB229E /* WeatherUITests */ = {
			isa = PBXGroup;
			children = (
				7D3D56212A9FB02B00FB229E /* WeatherUITests.swift */,
				7D3D56232A9FB02B00FB229E /* WeatherUITestsLaunchTests.swift */,
			);
			path = WeatherUITests;
			sourceTree = "<group>";
		};
		7D3D56302AA110BF00FB229E /* Model */ = {
			isa = PBXGroup;
			children = (
				7D7B92E82AA3A05600EC9084 /* WeatherManager.swift */,
				7D7B92EA2AA8F13900EC9084 /* WeatherData.swift */,
				7D7B92EE2AB8BCD400EC9084 /* WeatherModel.swift */,
			);
			path = Model;
			sourceTree = "<group>";
		};
		7D3D56312AA110D700FB229E /* View */ = {
			isa = PBXGroup;
			children = (
				7D3D56062A9FB02800FB229E /* Main.storyboard */,
			);
			path = View;
			sourceTree = "<group>";
		};
		7D3D56322AA110E100FB229E /* Controller */ = {
			isa = PBXGroup;
			children = (
				7D3D56042A9FB02800FB229E /* ViewController.swift */,
				7D7B92E62AA1141600EC9084 /* MainViewController.swift */,
			);
			path = Controller;
			sourceTree = "<group>";
		};
/* End PBXGroup section */

/* Begin PBXNativeTarget section */
		7D3D55FC2A9FB02800FB229E /* Weather */ = {
			isa = PBXNativeTarget;
			buildConfigurationList = 7D3D56272A9FB02B00FB229E /* Build configuration list for PBXNativeTarget "Weather" */;
			buildPhases = (
				7D3D55F92A9FB02800FB229E /* Sources */,
				7D3D55FA2A9FB02800FB229E /* Frameworks */,
				7D3D55FB2A9FB02800FB229E /* Resources */,
			);
			buildRules = (
			);
			dependencies = (
			);
			name = Weather;
			productName = Weather;
			productReference = 7D3D55FD2A9FB02800FB229E /* Weather.app */;
			productType = "com.apple.product-type.application";
		};
		7D3D56122A9FB02B00FB229E /* WeatherTests */ = {
			isa = PBXNativeTarget;
			buildConfigurationList = 7D3D562A2A9FB02B00FB229E /* Build configuration list for PBXNativeTarget "WeatherTests" */;
			buildPhases = (
				7D3D560F2A9FB02B00FB229E /* Sources */,
				7D3D56102A9FB02B00FB229E /* Frameworks */,
				7D3D56112A9FB02B00FB229E /* Resources */,
			);
			buildRules = (
			);
			dependencies = (
				7D3D56152A9FB02B00FB229E /* PBXTargetDependency */,
			);
			name = WeatherTests;
			productName = WeatherTests;
			productReference = 7D3D56132A9FB02B00FB229E /* WeatherTests.xctest */;
			productType = "com.apple.product-type.bundle.unit-test";
		};
		7D3D561C2A9FB02B00FB229E /* WeatherUITests */ = {
			isa = PBXNativeTarget;
			buildConfigurationList = 7D3D562D2A9FB02B00FB229E /* Build configuration list for PBXNativeTarget "WeatherUITests" */;
			buildPhases = (
				7D3D56192A9FB02B00FB229E /* Sources */,
				7D3D561A2A9FB02B00FB229E /* Frameworks */,
				7D3D561B2A9FB02B00FB229E /* Resources */,
			);
			buildRules = (
			);
			dependencies = (
				7D3D561F2A9FB02B00FB229E /* PBXTargetDependency */,
			);
			name = WeatherUITests;
			productName = WeatherUITests;
			productReference = 7D3D561D2A9FB02B00FB229E /* WeatherUITests.xctest */;
			productType = "com.apple.product-type.bundle.ui-testing";
		};
/* End PBXNativeTarget section */

/* Begin PBXProject section */
		7D3D55F52A9FB02800FB229E /* Project object */ = {
			isa = PBXProject;
			attributes = {
				BuildIndependentTargetsInParallel = 1;
				LastSwiftUpdateCheck = 1430;
				LastUpgradeCheck = 1430;
				TargetAttributes = {
					7D3D55FC2A9FB02800FB229E = {
						CreatedOnToolsVersion = 14.3.1;
					};
					7D3D56122A9FB02B00FB229E = {
						CreatedOnToolsVersion = 14.3.1;
						TestTargetID = 7D3D55FC2A9FB02800FB229E;
					};
					7D3D561C2A9FB02B00FB229E = {
						CreatedOnToolsVersion = 14.3.1;
						TestTargetID = 7D3D55FC2A9FB02800FB229E;
					};
				};
			};
			buildConfigurationList = 7D3D55F82A9FB02800FB229E /* Build configuration list for PBXProject "Weather" */;
			compatibilityVersion = "Xcode 14.0";
			developmentRegion = en;
			hasScannedForEncodings = 0;
			knownRegions = (
				en,
				Base,
			);
			mainGroup = 7D3D55F42A9FB02800FB229E;
			productRefGroup = 7D3D55FE2A9FB02800FB229E /* Products */;
			projectDirPath = "";
			projectRoot = "";
			targets = (
				7D3D55FC2A9FB02800FB229E /* Weather */,
				7D3D56122A9FB02B00FB229E /* WeatherTests */,
				7D3D561C2A9FB02B00FB229E /* WeatherUITests */,
			);
		};
/* End PBXProject section */

/* Begin PBXResourcesBuildPhase section */
		7D3D55FB2A9FB02800FB229E /* Resources */ = {
			isa = PBXResourcesBuildPhase;
			buildActionMask = 2147483647;
			files = (
				7D3D560D2A9FB02B00FB229E /* LaunchScreen.storyboard in Resources */,
				7D3D560A2A9FB02B00FB229E /* Assets.xcassets in Resources */,
				7D3D56082A9FB02800FB229E /* Main.storyboard in Resources */,
			);
			runOnlyForDeploymentPostprocessing = 0;
		};
		7D3D56112A9FB02B00FB229E /* Resources */ = {
			isa = PBXResourcesBuildPhase;
			buildActionMask = 2147483647;
			files = (
			);
			runOnlyForDeploymentPostprocessing = 0;
		};
		7D3D561B2A9FB02B00FB229E /* Resources */ = {
			isa = PBXResourcesBuildPhase;
			buildActionMask = 2147483647;
			files = (
			);
			runOnlyForDeploymentPostprocessing = 0;
		};
/* End PBXResourcesBuildPhase section */

/* Begin PBXSourcesBuildPhase section */
		7D3D55F92A9FB02800FB229E /* Sources */ = {
			isa = PBXSourcesBuildPhase;
			buildActionMask = 2147483647;
			files = (
				7D3D56052A9FB02800FB229E /* ViewController.swift in Sources */,
				7D3D56012A9FB02800FB229E /* AppDelegate.swift in Sources */,
				7D7B92E92AA3A05600EC9084 /* WeatherManager.swift in Sources */,
				7D7B92EF2AB8BCD400EC9084 /* WeatherModel.swift in Sources */,
				7D3D56032A9FB02800FB229E /* SceneDelegate.swift in Sources */,
				7D7B92EB2AA8F13900EC9084 /* WeatherData.swift in Sources */,
				7D7B92E72AA1141600EC9084 /* MainViewController.swift in Sources */,
			);
			runOnlyForDeploymentPostprocessing = 0;
		};
		7D3D560F2A9FB02B00FB229E /* Sources */ = {
			isa = PBXSourcesBuildPhase;
			buildActionMask = 2147483647;
			files = (
				7D3D56182A9FB02B00FB229E /* WeatherTests.swift in Sources */,
			);
			runOnlyForDeploymentPostprocessing = 0;
		};
		7D3D56192A9FB02B00FB229E /* Sources */ = {
			isa = PBXSourcesBuildPhase;
			buildActionMask = 2147483647;
			files = (
				7D3D56222A9FB02B00FB229E /* WeatherUITests.swift in Sources */,
				7D3D56242A9FB02B00FB229E /* WeatherUITestsLaunchTests.swift in Sources */,
			);
			runOnlyForDeploymentPostprocessing = 0;
		};
/* End PBXSourcesBuildPhase section */

/* Begin PBXTargetDependency section */
		7D3D56152A9FB02B00FB229E /* PBXTargetDependency */ = {
			isa = PBXTargetDependency;
			target = 7D3D55FC2A9FB02800FB229E /* Weather */;
			targetProxy = 7D3D56142A9FB02B00FB229E /* PBXContainerItemProxy */;
		};
		7D3D561F2A9FB02B00FB229E /* PBXTargetDependency */ = {
			isa = PBXTargetDependency;
			target = 7D3D55FC2A9FB02800FB229E /* Weather */;
			targetProxy = 7D3D561E2A9FB02B00FB229E /* PBXContainerItemProxy */;
		};
/* End PBXTargetDependency section */

/* Begin PBXVariantGroup section */
		7D3D56062A9FB02800FB229E /* Main.storyboard */ = {
			isa = PBXVariantGroup;
			children = (
				7D3D56072A9FB02800FB229E /* Base */,
			);
			name = Main.storyboard;
			sourceTree = "<group>";
		};
		7D3D560B2A9FB02B00FB229E /* LaunchScreen.storyboard */ = {
			isa = PBXVariantGroup;
			children = (
				7D3D560C2A9FB02B00FB229E /* Base */,
			);
			name = LaunchScreen.storyboard;
			sourceTree = "<group>";
		};
/* End PBXVariantGroup section */

/* Begin XCBuildConfiguration section */
		7D3D56252A9FB02B00FB229E /* Debug */ = {
			isa = XCBuildConfiguration;
			buildSettings = {
				ALWAYS_SEARCH_USER_PATHS = NO;
				CLANG_ANALYZER_NONNULL = YES;
				CLANG_ANALYZER_NUMBER_OBJECT_CONVERSION = YES_AGGRESSIVE;
				CLANG_CXX_LANGUAGE_STANDARD = "gnu++20";
				CLANG_ENABLE_MODULES = YES;
				CLANG_ENABLE_OBJC_ARC = YES;
				CLANG_ENABLE_OBJC_WEAK = YES;
				CLANG_WARN_BLOCK_CAPTURE_AUTORELEASING = YES;
				CLANG_WARN_BOOL_CONVERSION = YES;
				CLANG_WARN_COMMA = YES;
				CLANG_WARN_CONSTANT_CONVERSION = YES;
				CLANG_WARN_DEPRECATED_OBJC_IMPLEMENTATIONS = YES;
				CLANG_WARN_DIRECT_OBJC_ISA_USAGE = YES_ERROR;
				CLANG_WARN_DOCUMENTATION_COMMENTS = YES;
				CLANG_WARN_EMPTY_BODY = YES;
				CLANG_WARN_ENUM_CONVERSION = YES;
				CLANG_WARN_INFINITE_RECURSION = YES;
				CLANG_WARN_INT_CONVERSION = YES;
				CLANG_WARN_NON_LITERAL_NULL_CONVERSION = YES;
				CLANG_WARN_OBJC_IMPLICIT_RETAIN_SELF = YES;
				CLANG_WARN_OBJC_LITERAL_CONVERSION = YES;
				CLANG_WARN_OBJC_ROOT_CLASS = YES_ERROR;
				CLANG_WARN_QUOTED_INCLUDE_IN_FRAMEWORK_HEADER = YES;
				CLANG_WARN_RANGE_LOOP_ANALYSIS = YES;
				CLANG_WARN_STRICT_PROTOTYPES = YES;
				CLANG_WARN_SUSPICIOUS_MOVE = YES;
				CLANG_WARN_UNGUARDED_AVAILABILITY = YES_AGGRESSIVE;
				CLANG_WARN_UNREACHABLE_CODE = YES;
				CLANG_WARN__DUPLICATE_METHOD_MATCH = YES;
				COPY_PHASE_STRIP = NO;
				DEBUG_INFORMATION_FORMAT = dwarf;
				ENABLE_STRICT_OBJC_MSGSEND = YES;
				ENABLE_TESTABILITY = YES;
				GCC_C_LANGUAGE_STANDARD = gnu11;
				GCC_DYNAMIC_NO_PIC = NO;
				GCC_NO_COMMON_BLOCKS = YES;
				GCC_OPTIMIZATION_LEVEL = 0;
				GCC_PREPROCESSOR_DEFINITIONS = (
					"DEBUG=1",
					"$(inherited)",
				);
				GCC_WARN_64_TO_32_BIT_CONVERSION = YES;
				GCC_WARN_ABOUT_RETURN_TYPE = YES_ERROR;
				GCC_WARN_UNDECLARED_SELECTOR = YES;
				GCC_WARN_UNINITIALIZED_AUTOS = YES_AGGRESSIVE;
				GCC_WARN_UNUSED_FUNCTION = YES;
				GCC_WARN_UNUSED_VARIABLE = YES;
				IPHONEOS_DEPLOYMENT_TARGET = 16.4;
				MTL_ENABLE_DEBUG_INFO = INCLUDE_SOURCE;
				MTL_FAST_MATH = YES;
				ONLY_ACTIVE_ARCH = YES;
				SDKROOT = iphoneos;
				SWIFT_ACTIVE_COMPILATION_CONDITIONS = DEBUG;
				SWIFT_OPTIMIZATION_LEVEL = "-Onone";
			};
			name = Debug;
		};
		7D3D56262A9FB02B00FB229E /* Release */ = {
			isa = XCBuildConfiguration;
			buildSettings = {
				ALWAYS_SEARCH_USER_PATHS = NO;
				CLANG_ANALYZER_NONNULL = YES;
				CLANG_ANALYZER_NUMBER_OBJECT_CONVERSION = YES_AGGRESSIVE;
				CLANG_CXX_LANGUAGE_STANDARD = "gnu++20";
				CLANG_ENABLE_MODULES = YES;
				CLANG_ENABLE_OBJC_ARC = YES;
				CLANG_ENABLE_OBJC_WEAK = YES;
				CLANG_WARN_BLOCK_CAPTURE_AUTORELEASING = YES;
				CLANG_WARN_BOOL_CONVERSION = YES;
				CLANG_WARN_COMMA = YES;
				CLANG_WARN_CONSTANT_CONVERSION = YES;
				CLANG_WARN_DEPRECATED_OBJC_IMPLEMENTATIONS = YES;
				CLANG_WARN_DIRECT_OBJC_ISA_USAGE = YES_ERROR;
				CLANG_WARN_DOCUMENTATION_COMMENTS = YES;
				CLANG_WARN_EMPTY_BODY = YES;
				CLANG_WARN_ENUM_CONVERSION = YES;
				CLANG_WARN_INFINITE_RECURSION = YES;
				CLANG_WARN_INT_CONVERSION = YES;
				CLANG_WARN_NON_LITERAL_NULL_CONVERSION = YES;
				CLANG_WARN_OBJC_IMPLICIT_RETAIN_SELF = YES;
				CLANG_WARN_OBJC_LITERAL_CONVERSION = YES;
				CLANG_WARN_OBJC_ROOT_CLASS = YES_ERROR;
				CLANG_WARN_QUOTED_INCLUDE_IN_FRAMEWORK_HEADER = YES;
				CLANG_WARN_RANGE_LOOP_ANALYSIS = YES;
				CLANG_WARN_STRICT_PROTOTYPES = YES;
				CLANG_WARN_SUSPICIOUS_MOVE = YES;
				CLANG_WARN_UNGUARDED_AVAILABILITY = YES_AGGRESSIVE;
				CLANG_WARN_UNREACHABLE_CODE = YES;
				CLANG_WARN__DUPLICATE_METHOD_MATCH = YES;
				COPY_PHASE_STRIP = NO;
				DEBUG_INFORMATION_FORMAT = "dwarf-with-dsym";
				ENABLE_NS_ASSERTIONS = NO;
				ENABLE_STRICT_OBJC_MSGSEND = YES;
				GCC_C_LANGUAGE_STANDARD = gnu11;
				GCC_NO_COMMON_BLOCKS = YES;
				GCC_WARN_64_TO_32_BIT_CONVERSION = YES;
				GCC_WARN_ABOUT_RETURN_TYPE = YES_ERROR;
				GCC_WARN_UNDECLARED_SELECTOR = YES;
				GCC_WARN_UNINITIALIZED_AUTOS = YES_AGGRESSIVE;
				GCC_WARN_UNUSED_FUNCTION = YES;
				GCC_WARN_UNUSED_VARIABLE = YES;
				IPHONEOS_DEPLOYMENT_TARGET = 16.4;
				MTL_ENABLE_DEBUG_INFO = NO;
				MTL_FAST_MATH = YES;
				SDKROOT = iphoneos;
				SWIFT_COMPILATION_MODE = wholemodule;
				SWIFT_OPTIMIZATION_LEVEL = "-O";
				VALIDATE_PRODUCT = YES;
			};
			name = Release;
		};
		7D3D56282A9FB02B00FB229E /* Debug */ = {
			isa = XCBuildConfiguration;
			buildSettings = {
				ASSETCATALOG_COMPILER_APPICON_NAME = AppIcon;
				ASSETCATALOG_COMPILER_GLOBAL_ACCENT_COLOR_NAME = AccentColor;
				CODE_SIGN_STYLE = Automatic;
				CURRENT_PROJECT_VERSION = 1;
				GENERATE_INFOPLIST_FILE = YES;
				INFOPLIST_FILE = Weather/Info.plist;
				INFOPLIST_KEY_UIApplicationSupportsIndirectInputEvents = YES;
				INFOPLIST_KEY_UILaunchStoryboardName = LaunchScreen;
				INFOPLIST_KEY_UIMainStoryboardFile = Main;
				INFOPLIST_KEY_UISupportedInterfaceOrientations_iPad = "UIInterfaceOrientationPortrait UIInterfaceOrientationPortraitUpsideDown UIInterfaceOrientationLandscapeLeft UIInterfaceOrientationLandscapeRight";
				INFOPLIST_KEY_UISupportedInterfaceOrientations_iPhone = "UIInterfaceOrientationPortrait UIInterfaceOrientationLandscapeLeft UIInterfaceOrientationLandscapeRight";
				LD_RUNPATH_SEARCH_PATHS = (
					"$(inherited)",
					"@executable_path/Frameworks",
				);
				MARKETING_VERSION = 1.0;
				PRODUCT_BUNDLE_IDENTIFIER = com.darshan.Weather;
				PRODUCT_NAME = "$(TARGET_NAME)";
				SWIFT_EMIT_LOC_STRINGS = YES;
				SWIFT_VERSION = 5.0;
				TARGETED_DEVICE_FAMILY = "1,2";
			};
			name = Debug;
		};
		7D3D56292A9FB02B00FB229E /* Release */ = {
			isa = XCBuildConfiguration;
			buildSettings = {
				ASSETCATALOG_COMPILER_APPICON_NAME = AppIcon;
				ASSETCATALOG_COMPILER_GLOBAL_ACCENT_COLOR_NAME = AccentColor;
				CODE_SIGN_STYLE = Automatic;
				CURRENT_PROJECT_VERSION = 1;
				GENERATE_INFOPLIST_FILE = YES;
				INFOPLIST_FILE = Weather/Info.plist;
				INFOPLIST_KEY_UIApplicationSupportsIndirectInputEvents = YES;
				INFOPLIST_KEY_UILaunchStoryboardName = LaunchScreen;
				INFOPLIST_KEY_UIMainStoryboardFile = Main;
				INFOPLIST_KEY_UISupportedInterfaceOrientations_iPad = "UIInterfaceOrientationPortrait UIInterfaceOrientationPortraitUpsideDown UIInterfaceOrientationLandscapeLeft UIInterfaceOrientationLandscapeRight";
				INFOPLIST_KEY_UISupportedInterfaceOrientations_iPhone = "UIInterfaceOrientationPortrait UIInterfaceOrientationLandscapeLeft UIInterfaceOrientationLandscapeRight";
				LD_RUNPATH_SEARCH_PATHS = (
					"$(inherited)",
					"@executable_path/Frameworks",
				);
				MARKETING_VERSION = 1.0;
				PRODUCT_BUNDLE_IDENTIFIER = com.darshan.Weather;
				PRODUCT_NAME = "$(TARGET_NAME)";
				SWIFT_EMIT_LOC_STRINGS = YES;
				SWIFT_VERSION = 5.0;
				TARGETED_DEVICE_FAMILY = "1,2";
			};
			name = Release;
		};
		7D3D562B2A9FB02B00FB229E /* Debug */ = {
			isa = XCBuildConfiguration;
			buildSettings = {
				ALWAYS_EMBED_SWIFT_STANDARD_LIBRARIES = YES;
				BUNDLE_LOADER = "$(TEST_HOST)";
				CODE_SIGN_STYLE = Automatic;
				CURRENT_PROJECT_VERSION = 1;
				GENERATE_INFOPLIST_FILE = YES;
				IPHONEOS_DEPLOYMENT_TARGET = 16.4;
				MARKETING_VERSION = 1.0;
				PRODUCT_BUNDLE_IDENTIFIER = com.darshan.WeatherTests;
				PRODUCT_NAME = "$(TARGET_NAME)";
				SWIFT_EMIT_LOC_STRINGS = NO;
				SWIFT_VERSION = 5.0;
				TARGETED_DEVICE_FAMILY = "1,2";
				TEST_HOST = "$(BUILT_PRODUCTS_DIR)/Weather.app/$(BUNDLE_EXECUTABLE_FOLDER_PATH)/Weather";
			};
			name = Debug;
		};
		7D3D562C2A9FB02B00FB229E /* Release */ = {
			isa = XCBuildConfiguration;
			buildSettings = {
				ALWAYS_EMBED_SWIFT_STANDARD_LIBRARIES = YES;
				BUNDLE_LOADER = "$(TEST_HOST)";
				CODE_SIGN_STYLE = Automatic;
				CURRENT_PROJECT_VERSION = 1;
				GENERATE_INFOPLIST_FILE = YES;
				IPHONEOS_DEPLOYMENT_TARGET = 16.4;
				MARKETING_VERSION = 1.0;
				PRODUCT_BUNDLE_IDENTIFIER = com.darshan.WeatherTests;
				PRODUCT_NAME = "$(TARGET_NAME)";
				SWIFT_EMIT_LOC_STRINGS = NO;
				SWIFT_VERSION = 5.0;
				TARGETED_DEVICE_FAMILY = "1,2";
				TEST_HOST = "$(BUILT_PRODUCTS_DIR)/Weather.app/$(BUNDLE_EXECUTABLE_FOLDER_PATH)/Weather";
			};
			name = Release;
		};
		7D3D562E2A9FB02B00FB229E /* Debug */ = {
			isa = XCBuildConfiguration;
			buildSettings = {
				ALWAYS_EMBED_SWIFT_STANDARD_LIBRARIES = YES;
				CODE_SIGN_STYLE = Automatic;
				CURRENT_PROJECT_VERSION = 1;
				GENERATE_INFOPLIST_FILE = YES;
				MARKETING_VERSION = 1.0;
				PRODUCT_BUNDLE_IDENTIFIER = com.darshan.WeatherUITests;
				PRODUCT_NAME = "$(TARGET_NAME)";
				SWIFT_EMIT_LOC_STRINGS = NO;
				SWIFT_VERSION = 5.0;
				TARGETED_DEVICE_FAMILY = "1,2";
				TEST_TARGET_NAME = Weather;
			};
			name = Debug;
		};
		7D3D562F2A9FB02B00FB229E /* Release */ = {
			isa = XCBuildConfiguration;
			buildSettings = {
				ALWAYS_EMBED_SWIFT_STANDARD_LIBRARIES = YES;
				CODE_SIGN_STYLE = Automatic;
				CURRENT_PROJECT_VERSION = 1;
				GENERATE_INFOPLIST_FILE = YES;
				MARKETING_VERSION = 1.0;
				PRODUCT_BUNDLE_IDENTIFIER = com.darshan.WeatherUITests;
				PRODUCT_NAME = "$(TARGET_NAME)";
				SWIFT_EMIT_LOC_STRINGS = NO;
				SWIFT_VERSION = 5.0;
				TARGETED_DEVICE_FAMILY = "1,2";
				TEST_TARGET_NAME = Weather;
			};
			name = Release;
		};
/* End XCBuildConfiguration section */

/* Begin XCConfigurationList section */
		7D3D55F82A9FB02800FB229E /* Build configuration list for PBXProject "Weather" */ = {
			isa = XCConfigurationList;
			buildConfigurations = (
				7D3D56252A9FB02B00FB229E /* Debug */,
				7D3D56262A9FB02B00FB229E /* Release */,
			);
			defaultConfigurationIsVisible = 0;
			defaultConfigurationName = Release;
		};
		7D3D56272A9FB02B00FB229E /* Build configuration list for PBXNativeTarget "Weather" */ = {
			isa = XCConfigurationList;
			buildConfigurations = (
				7D3D56282A9FB02B00FB229E /* Debug */,
				7D3D56292A9FB02B00FB229E /* Release */,
			);
			defaultConfigurationIsVisible = 0;
			defaultConfigurationName = Release;
		};
		7D3D562A2A9FB02B00FB229E /* Build configuration list for PBXNativeTarget "WeatherTests" */ = {
			isa = XCConfigurationList;
			buildConfigurations = (
				7D3D562B2A9FB02B00FB229E /* Debug */,
				7D3D562C2A9FB02B00FB229E /* Release */,
			);
			defaultConfigurationIsVisible = 0;
			defaultConfigurationName = Release;
		};
		7D3D562D2A9FB02B00FB229E /* Build configuration list for PBXNativeTarget "WeatherUITests" */ = {
			isa = XCConfigurationList;
			buildConfigurations = (
				7D3D562E2A9FB02B00FB229E /* Debug */,
				7D3D562F2A9FB02B00FB229E /* Release */,
			);
			defaultConfigurationIsVisible = 0;
			defaultConfigurationName = Release;
		};
/* End XCConfigurationList section */
	};
	rootObject = 7D3D55F52A9FB02800FB229E /* Project object */;
}
